PODS:
  - Core (0.1.0)
  - FeatureAccounts (0.1.0):
    - Core
  - FeatureLogin (0.1.0):
    - Core

DEPENDENCIES:
  - Core (from `Modules/Core`)
  - FeatureAccounts (from `Modules/FeatureAccounts`)
  - FeatureLogin (from `Modules/FeatureLogin`)

EXTERNAL SOURCES:
  Core:
    :path: Modules/Core
  FeatureAccounts:
    :path: Modules/FeatureAccounts
  FeatureLogin:
    :path: Modules/FeatureLogin

SPEC CHECKSUMS:
  Core: 1c686407d508bd8e57919cb861fde11d55442dff
  FeatureAccounts: 5beb9439f9009d427d295adc4b6425fdb37fd8db
  FeatureLogin: 07d9059856a8b1a333aa5e037997b2a418783676

PODFILE CHECKSUM: e02edb52c6e1efbd277c7f05ebd92202f232f88e

COCOAPODS: 1.16.2
